DEPENDENCIES
  hello_chef
    path: .
    metadata: true

GRAPH
  build-essential (8.1.1)
    mingw (>= 1.1)
    seven_zip (>= 0.0.0)
  hello_chef (0.1.0)
    nginx (>= 0.0.0)
    openssl (>= 0.0.0)
    python (>= 0.0.0)
  mingw (2.0.2)
    seven_zip (>= 0.0.0)
  nginx (8.1.2)
    build-essential (>= 0.0.0)
    ohai (>= 4.1.0)
    yum-epel (>= 0.0.0)
    zypper (>= 0.0.0)
  ohai (5.2.3)
  openssl (8.1.2)
  python (1.4.6)
    build-essential (>= 0.0.0)
    yum-epel (>= 0.0.0)
  seven_zip (3.0.0)
    windows (>= 0.0.0)
  windows (4.3.1)
  yum-epel (3.1.0)
  zypper (0.4.0)
