{
    "version": 3,
    "terraform_version": "0.11.7",
    "serial": 3,
    "lineage": "ef60e670-d75b-e501-a986-ce565ced12d8",
    "modules": [
        {
            "path": [
                "root"
            ],
            "outputs": {
                "config-map-aws-auth": {
                    "sensitive": false,
                    "type": "string",
                    "value": "apiVersion: v1\nkind: ConfigMap\nmetadata:\n  name: aws-auth\n  namespace: kube-system\ndata:\n  mapRoles: |\n    - rolearn: arn:aws:iam::<Account_ID>:role/terraform-eks-demo-node\n      username: system:node:{{EC2PrivateDNSName}}\n      groups:\n        - system:bootstrappers\n        - system:nodes\n"
                },
                "kubeconfig": {
                    "sensitive": false,
                    "type": "string",
                    "value": "apiVersion: v1\nclusters:\n- cluster:\n    server: https://FE4505036E4960602E401350C677477C.sk1.us-east-1.eks.amazonaws.com\n    certificate-authority-data: LS0tLS1CRUdJTiBDRVJUSUZJQ0FURS0tLS0tCk1JSUN5RENDQWJDZ0F3SUJBZ0lCQURBTkJna3Foa2lHOXcwQkFRc0ZBREFWTVJNd0VRWURWUVFERXdwcmRXSmwKY201bGRHVnpNQjRYRFRFNE1EWXhNVEl5TVRNeU9Gb1hEVEk0TURZd09ESXlNVE15T0Zvd0ZURVRNQkVHQTFVRQpBeE1LYTNWaVpYSnVaWFJsY3pDQ0FTSXdEUVlKS29aSWh2Y05BUUVCQlFBRGdnRVBBRENDQVFvQ2dnRUJBTDhjCnh6T0I4NWNOUWxFSk0vSXprQjNaV0gvZXB6RUIyanp2V3Y3bU10MkUydUYvZWRLbExVeklmazJKekhiNDZydFgKVlhtTGlKSHdIOGdNdUR1RjNmRjNNaE5KVU9NbjJlMVhzZExRT0ZNcHVYZHpXdU14QXQ5QVdMREZsVmE1S1lwVgo2bzBDdDMvNDRmV3dqcm1SQ1ZkV3I3TG56eVpabktWTHRXbTNsVGQ2UHFzOG1oL2ZvNmttOVBGWFZ5VFVOZUx0ClkxSWE5YTA0SGVBakRZOFQzMUtLcWxwUGo1NmlaOVdJeFhyMTQ3TDVtcGM4VGthNWJLQytMenI4QjNvYVlnbHUKMFk3TUs4ZkJ3RjVaQ0NLZ1BKM3l4cS82eW1IQmZMaDlMcE5Yc0cvZ0EvWUZkeEF3cnRKWDNJYzFFRkUxYTNYagpwKzlYQWttVzZrMVlUcUl0ektrQ0F3RUFBYU1qTUNFd0RnWURWUjBQQVFIL0JBUURBZ0trTUE4R0ExVWRFd0VCCi93UUZNQU1CQWY4d0RRWUpLb1pJaHZjTkFRRUxCUUFEZ2dFQkFHRW04ckhGaytuaitXS2JYNkc1aGwvTGxpS2EKbVlIRnFjQWJ6QnVoYVNWUVRLYk80NDY4a2VYRWpsMWJoSkJMVUR1cDk4c0hqY0VZMm1FMHBHYitQbndsbHZDeAplQlVjdWJFbDBiSWVWTWlsSUQ4MFVaaTVZdWVhcm42Nkp3UVZCMWd6MzczOVBBWHpxcnZOdTdlQUpUa24rbEltCmFUZmRvVzl1dXM4RXJVWnV0TzJrMGFtRnRUdDBHY25pZ1MyR2h0L0JncHdBcS9FcDRSNWRZc1liRkk2eEQ5enQKVUFydktDeDFtTWhRbk5ST2FmZHpYOE1OOFJqcTE5eThDYng0N1hGZWJtd05aV2toMUE3TDV6MUFGWHRtR1FxbQpoUnV3NHFjVWRLaTN4eEN1TDF3eGdtN3BwWEQyUVFmRUNnZFUzaGIzc21OeVBocHA0dzNnbXZxSCtmaz0KLS0tLS1FTkQgQ0VSVElGSUNBVEUtLS0tLQo=\n  name: kubernetes\ncontexts:\n- context:\n    cluster: kubernetes\n    user: aws\n  name: aws\ncurrent-context: aws\nkind: Config\npreferences: {}\nusers:\n- name: aws\n  user:\n    exec:\n      apiVersion: client.authentication.k8s.io/v1alpha1\n      command: heptio-authenticator-aws\n      args:\n        - \"token\"\n        - \"-i\"\n        - \"terraform-eks-demo\"\n"
                }
            },
            "resources": {
                "aws_autoscaling_group.demo": {
                    "type": "aws_autoscaling_group",
                    "depends_on": [
                        "aws_launch_configuration.demo",
                        "aws_subnet.demo.*"
                    ],
                    "primary": {
                        "id": "terraform-eks-demo",
                        "attributes": {
                            "arn": "arn:aws:autoscaling:us-east-1:<Account_ID>:autoScalingGroup:8ec331a5-c613-4bf2-a347-7f41afbe763b:autoScalingGroupName/terraform-eks-demo",
                            "availability_zones.#": "2",
                            "availability_zones.1305112097": "us-east-1b",
                            "availability_zones.3569565595": "us-east-1a",
                            "default_cooldown": "300",
                            "desired_capacity": "2",
                            "enabled_metrics.#": "0",
                            "force_delete": "false",
                            "health_check_grace_period": "300",
                            "health_check_type": "EC2",
                            "id": "terraform-eks-demo",
                            "launch_configuration": "terraform-eks-demo20180611221608494500000006",
                            "launch_template.#": "0",
                            "load_balancers.#": "0",
                            "max_size": "2",
                            "metrics_granularity": "1Minute",
                            "min_size": "1",
                            "name": "terraform-eks-demo",
                            "placement_group": "",
                            "protect_from_scale_in": "false",
                            "service_linked_role_arn": "arn:aws:iam::<Account_ID>:role/aws-service-role/autoscaling.amazonaws.com/AWSServiceRoleForAutoScaling",
                            "suspended_processes.#": "0",
                            "tag.#": "2",
                            "tag.3381877819.key": "kubernetes.io/cluster/terraform-eks-demo",
                            "tag.3381877819.propagate_at_launch": "true",
                            "tag.3381877819.value": "owned",
                            "tag.4079220990.key": "Name",
                            "tag.4079220990.propagate_at_launch": "true",
                            "tag.4079220990.value": "terraform-eks-demo",
                            "target_group_arns.#": "0",
                            "termination_policies.#": "0",
                            "vpc_zone_identifier.#": "2",
                            "vpc_zone_identifier.2017633014": "subnet-a162b2fd",
                            "vpc_zone_identifier.2474050083": "subnet-9c7017d6",
                            "wait_for_capacity_timeout": "10m"
                        },
                        "meta": {
                            "e2bfb730-ecaa-11e6-8f88-34363bc7c4c0": {
                                "delete": 600000000000
                            }
                        },
                        "tainted": false
                    },
                    "deposed": [],
                    "provider": "provider.aws"
                },
                "aws_eks_cluster.demo": {
                    "type": "aws_eks_cluster",
                    "depends_on": [
                        "aws_iam_role.demo-cluster",
                        "aws_iam_role_policy_attachment.demo-cluster-AmazonEKSClusterPolicy",
                        "aws_iam_role_policy_attachment.demo-cluster-AmazonEKSServicePolicy",
                        "aws_security_group.demo-cluster",
                        "aws_subnet.demo.*"
                    ],
                    "primary": {
                        "id": "terraform-eks-demo",
                        "attributes": {
                            "certificate_authority.#": "1",
                            "certificate_authority.0.data": "LS0tLS1CRUdJTiBDRVJUSUZJQ0FURS0tLS0tCk1JSUN5RENDQWJDZ0F3SUJBZ0lCQURBTkJna3Foa2lHOXcwQkFRc0ZBREFWTVJNd0VRWURWUVFERXdwcmRXSmwKY201bGRHVnpNQjRYRFRFNE1EWXhNVEl5TVRNeU9Gb1hEVEk0TURZd09ESXlNVE15T0Zvd0ZURVRNQkVHQTFVRQpBeE1LYTNWaVpYSnVaWFJsY3pDQ0FTSXdEUVlKS29aSWh2Y05BUUVCQlFBRGdnRVBBRENDQVFvQ2dnRUJBTDhjCnh6T0I4NWNOUWxFSk0vSXprQjNaV0gvZXB6RUIyanp2V3Y3bU10MkUydUYvZWRLbExVeklmazJKekhiNDZydFgKVlhtTGlKSHdIOGdNdUR1RjNmRjNNaE5KVU9NbjJlMVhzZExRT0ZNcHVYZHpXdU14QXQ5QVdMREZsVmE1S1lwVgo2bzBDdDMvNDRmV3dqcm1SQ1ZkV3I3TG56eVpabktWTHRXbTNsVGQ2UHFzOG1oL2ZvNmttOVBGWFZ5VFVOZUx0ClkxSWE5YTA0SGVBakRZOFQzMUtLcWxwUGo1NmlaOVdJeFhyMTQ3TDVtcGM4VGthNWJLQytMenI4QjNvYVlnbHUKMFk3TUs4ZkJ3RjVaQ0NLZ1BKM3l4cS82eW1IQmZMaDlMcE5Yc0cvZ0EvWUZkeEF3cnRKWDNJYzFFRkUxYTNYagpwKzlYQWttVzZrMVlUcUl0ektrQ0F3RUFBYU1qTUNFd0RnWURWUjBQQVFIL0JBUURBZ0trTUE4R0ExVWRFd0VCCi93UUZNQU1CQWY4d0RRWUpLb1pJaHZjTkFRRUxCUUFEZ2dFQkFHRW04ckhGaytuaitXS2JYNkc1aGwvTGxpS2EKbVlIRnFjQWJ6QnVoYVNWUVRLYk80NDY4a2VYRWpsMWJoSkJMVUR1cDk4c0hqY0VZMm1FMHBHYitQbndsbHZDeAplQlVjdWJFbDBiSWVWTWlsSUQ4MFVaaTVZdWVhcm42Nkp3UVZCMWd6MzczOVBBWHpxcnZOdTdlQUpUa24rbEltCmFUZmRvVzl1dXM4RXJVWnV0TzJrMGFtRnRUdDBHY25pZ1MyR2h0L0JncHdBcS9FcDRSNWRZc1liRkk2eEQ5enQKVUFydktDeDFtTWhRbk5ST2FmZHpYOE1OOFJqcTE5eThDYng0N1hGZWJtd05aV2toMUE3TDV6MUFGWHRtR1FxbQpoUnV3NHFjVWRLaTN4eEN1TDF3eGdtN3BwWEQyUVFmRUNnZFUzaGIzc21OeVBocHA0dzNnbXZxSCtmaz0KLS0tLS1FTkQgQ0VSVElGSUNBVEUtLS0tLQo=",
                            "created_at": "2018-06-11 22:07:19 +0000 UTC",
                            "endpoint": "https://FE4505036E4960602E401350C677477C.sk1.us-east-1.eks.amazonaws.com",
                            "id": "terraform-eks-demo",
                            "name": "terraform-eks-demo",
                            "role_arn": "arn:aws:iam::<Account_ID>:role/terraform-eks-demo-cluster",
                            "version": "1.10",
                            "vpc_config.#": "1",
                            "vpc_config.0.security_group_ids.#": "1",
                            "vpc_config.0.security_group_ids.1277105688": "sg-55b3411e",
                            "vpc_config.0.subnet_ids.#": "2",
                            "vpc_config.0.subnet_ids.3254583513": "subnet-9c7017d6",
                            "vpc_config.0.subnet_ids.934220578": "subnet-a162b2fd",
                            "vpc_config.0.vpc_id": "vpc-d18d91aa"
                        },
                        "meta": {
                            "e2bfb730-ecaa-11e6-8f88-34363bc7c4c0": {
                                "create": 900000000000,
                                "delete": 900000000000
                            }
                        },
                        "tainted": false
                    },
                    "deposed": [],
                    "provider": "provider.aws"
                },
                "aws_iam_instance_profile.demo-node": {
                    "type": "aws_iam_instance_profile",
                    "depends_on": [
                        "aws_iam_role.demo-node"
                    ],
                    "primary": {
                        "id": "terraform-eks-demo",
                        "attributes": {
                            "arn": "arn:aws:iam::<Account_ID>:instance-profile/terraform-eks-demo",
                            "id": "terraform-eks-demo",
                            "name": "terraform-eks-demo",
                            "path": "/",
                            "role": "terraform-eks-demo-node",
                            "roles.#": "0",
                            "unique_id": "AIPAJE2BKACQA6OYI53FY"
                        },
                        "meta": {},
                        "tainted": false
                    },
                    "deposed": [],
                    "provider": "provider.aws"
                },
                "aws_iam_role.demo-cluster": {
                    "type": "aws_iam_role",
                    "depends_on": [],
                    "primary": {
                        "id": "terraform-eks-demo-cluster",
                        "attributes": {
                            "arn": "arn:aws:iam::<Account_ID>:role/terraform-eks-demo-cluster",
                            "assume_role_policy": "{\"Version\":\"2012-10-17\",\"Statement\":[{\"Effect\":\"Allow\",\"Principal\":{\"Service\":\"eks.amazonaws.com\"},\"Action\":\"sts:AssumeRole\"}]}",
                            "create_date": "2018-06-11T22:07:08Z",
                            "force_detach_policies": "false",
                            "id": "terraform-eks-demo-cluster",
                            "max_session_duration": "3600",
                            "name": "terraform-eks-demo-cluster",
                            "path": "/",
                            "unique_id": "AROAJX43FUVRZNCEN3PZQ"
                        },
                        "meta": {},
                        "tainted": false
                    },
                    "deposed": [],
                    "provider": "provider.aws"
                },
                "aws_iam_role.demo-node": {
                    "type": "aws_iam_role",
                    "depends_on": [],
                    "primary": {
                        "id": "terraform-eks-demo-node",
                        "attributes": {
                            "arn": "arn:aws:iam::<Account_ID>:role/terraform-eks-demo-node",
                            "assume_role_policy": "{\"Version\":\"2012-10-17\",\"Statement\":[{\"Effect\":\"Allow\",\"Principal\":{\"Service\":\"ec2.amazonaws.com\"},\"Action\":\"sts:AssumeRole\"}]}",
                            "create_date": "2018-06-11T22:07:08Z",
                            "force_detach_policies": "false",
                            "id": "terraform-eks-demo-node",
                            "max_session_duration": "3600",
                            "name": "terraform-eks-demo-node",
                            "path": "/",
                            "unique_id": "AROAINSBKP6LSU4VFQ7DM"
                        },
                        "meta": {},
                        "tainted": false
                    },
                    "deposed": [],
                    "provider": "provider.aws"
                },
                "aws_iam_role_policy_attachment.demo-cluster-AmazonEKSClusterPolicy": {
                    "type": "aws_iam_role_policy_attachment",
                    "depends_on": [
                        "aws_iam_role.demo-cluster"
                    ],
                    "primary": {
                        "id": "terraform-eks-demo-cluster-20180611220709259200000002",
                        "attributes": {
                            "id": "terraform-eks-demo-cluster-20180611220709259200000002",
                            "policy_arn": "arn:aws:iam::aws:policy/AmazonEKSClusterPolicy",
                            "role": "terraform-eks-demo-cluster"
                        },
                        "meta": {},
                        "tainted": false
                    },
                    "deposed": [],
                    "provider": "provider.aws"
                },
                "aws_iam_role_policy_attachment.demo-cluster-AmazonEKSServicePolicy": {
                    "type": "aws_iam_role_policy_attachment",
                    "depends_on": [
                        "aws_iam_role.demo-cluster"
                    ],
                    "primary": {
                        "id": "terraform-eks-demo-cluster-20180611220709230400000001",
                        "attributes": {
                            "id": "terraform-eks-demo-cluster-20180611220709230400000001",
                            "policy_arn": "arn:aws:iam::aws:policy/AmazonEKSServicePolicy",
                            "role": "terraform-eks-demo-cluster"
                        },
                        "meta": {},
                        "tainted": false
                    },
                    "deposed": [],
                    "provider": "provider.aws"
                },
                "aws_iam_role_policy_attachment.demo-node-AmazonEC2ContainerRegistryReadOnly": {
                    "type": "aws_iam_role_policy_attachment",
                    "depends_on": [
                        "aws_iam_role.demo-node"
                    ],
                    "primary": {
                        "id": "terraform-eks-demo-node-20180611220709284900000003",
                        "attributes": {
                            "id": "terraform-eks-demo-node-20180611220709284900000003",
                            "policy_arn": "arn:aws:iam::aws:policy/AmazonEC2ContainerRegistryReadOnly",
                            "role": "terraform-eks-demo-node"
                        },
                        "meta": {},
                        "tainted": false
                    },
                    "deposed": [],
                    "provider": "provider.aws"
                },
                "aws_iam_role_policy_attachment.demo-node-AmazonEKSWorkerNodePolicy": {
                    "type": "aws_iam_role_policy_attachment",
                    "depends_on": [
                        "aws_iam_role.demo-node"
                    ],
                    "primary": {
                        "id": "terraform-eks-demo-node-20180611220709316700000004",
                        "attributes": {
                            "id": "terraform-eks-demo-node-20180611220709316700000004",
                            "policy_arn": "arn:aws:iam::aws:policy/AmazonEKSWorkerNodePolicy",
                            "role": "terraform-eks-demo-node"
                        },
                        "meta": {},
                        "tainted": false
                    },
                    "deposed": [],
                    "provider": "provider.aws"
                },
                "aws_iam_role_policy_attachment.demo-node-AmazonEKS_CNI_Policy": {
                    "type": "aws_iam_role_policy_attachment",
                    "depends_on": [
                        "aws_iam_role.demo-node"
                    ],
                    "primary": {
                        "id": "terraform-eks-demo-node-20180611220709326500000005",
                        "attributes": {
                            "id": "terraform-eks-demo-node-20180611220709326500000005",
                            "policy_arn": "arn:aws:iam::aws:policy/AmazonEKS_CNI_Policy",
                            "role": "terraform-eks-demo-node"
                        },
                        "meta": {},
                        "tainted": false
                    },
                    "deposed": [],
                    "provider": "provider.aws"
                },
                "aws_internet_gateway.demo": {
                    "type": "aws_internet_gateway",
                    "depends_on": [
                        "aws_vpc.demo"
                    ],
                    "primary": {
                        "id": "igw-52f8a42a",
                        "attributes": {
                            "id": "igw-52f8a42a",
                            "tags.%": "1",
                            "tags.Name": "terraform-eks-demo",
                            "vpc_id": "vpc-d18d91aa"
                        },
                        "meta": {},
                        "tainted": false
                    },
                    "deposed": [],
                    "provider": "provider.aws"
                },
                "aws_launch_configuration.demo": {
                    "type": "aws_launch_configuration",
                    "depends_on": [
                        "aws_iam_instance_profile.demo-node",
                        "aws_security_group.demo-node",
                        "data.aws_ami.eks-worker",
                        "local.demo-node-userdata"
                    ],
                    "primary": {
                        "id": "terraform-eks-demo20180611221608494500000006",
                        "attributes": {
                            "associate_public_ip_address": "true",
                            "ebs_block_device.#": "0",
                            "ebs_optimized": "false",
                            "enable_monitoring": "true",
                            "ephemeral_block_device.#": "0",
                            "iam_instance_profile": "terraform-eks-demo",
                            "id": "terraform-eks-demo20180611221608494500000006",
                            "image_id": "ami-dea4d5a1",
                            "instance_type": "m4.large",
                            "key_name": "",
                            "name": "terraform-eks-demo20180611221608494500000006",
                            "name_prefix": "terraform-eks-demo",
                            "root_block_device.#": "0",
                            "security_groups.#": "1",
                            "security_groups.1889461885": "sg-fb45b6b0",
                            "spot_price": "",
                            "user_data_base64": "IyEvYmluL2Jhc2ggLXhlCkNBX0NFUlRJRklDQVRFX0RJUkVDVE9SWT0vZXRjL2t1YmVybmV0ZXMvcGtpCkNBX0NFUlRJRklDQVRFX0ZJTEVfUEFUSD0kQ0FfQ0VSVElGSUNBVEVfRElSRUNUT1JZL2NhLmNydApta2RpciAtcCAkQ0FfQ0VSVElGSUNBVEVfRElSRUNUT1JZCmVjaG8gIkxTMHRMUzFDUlVkSlRpQkRSVkpVU1VaSlEwRlVSUzB0TFMwdENrMUpTVU41UkVORFFXSkRaMEYzU1VKQlowbENRVVJCVGtKbmEzRm9hMmxIT1hjd1FrRlJjMFpCUkVGV1RWSk5kMFZSV1VSV1VWRkVSWGR3Y21SWFNtd0tZMjAxYkdSSFZucE5RalJZUkZSRk5FMUVXWGhOVkVsNVRWUk5lVTlHYjFoRVZFazBUVVJaZDA5RVNYbE5WRTE1VDBadmQwWlVSVlJOUWtWSFFURlZSUXBCZUUxTFlUTldhVnBZU25WYVdGSnNZM3BEUTBGVFNYZEVVVmxLUzI5YVNXaDJZMDVCVVVWQ1FsRkJSR2RuUlZCQlJFTkRRVkZ2UTJkblJVSkJURGhqQ25oNlQwSTROV05PVVd4RlNrMHZTWHByUWpOYVYwZ3ZaWEI2UlVJeWFucDJWM1kzYlUxME1rVXlkVVl2WldSTGJFeFZla2xtYXpKS2VraGlORFp5ZEZnS1ZsaHRUR2xLU0hkSU9HZE5kVVIxUmpObVJqTk5hRTVLVlU5TmJqSmxNVmh6WkV4UlQwWk5jSFZZWkhwWGRVMTRRWFE1UVZkTVJFWnNWbUUxUzFsd1ZnbzJiekJEZERNdk5EUm1WM2RxY20xU1ExWmtWM0kzVEc1NmVWcGFia3RXVEhSWGJUTnNWR1EyVUhGek9HMW9MMlp2Tm10dE9WQkdXRlo1VkZWT1pVeDBDbGt4U1dFNVlUQTBTR1ZCYWtSWk9GUXpNVXRMY1d4d1VHbzFObWxhT1ZkSmVGaHlNVFEzVERWdGNHTTRWR3RoTldKTFF5dE1lbkk0UWpOdllWbG5iSFVLTUZrM1RVczRaa0ozUmpWYVEwTkxaMUJLTTNsNGNTODJlVzFJUW1aTWFEbE1jRTVZYzBjdlowRXZXVVprZUVGM2NuUktXRE5KWXpGRlJrVXhZVE5ZYWdwd0t6bFlRV3R0Vnpack1WbFVjVWwwZWt0clEwRjNSVUZCWVUxcVRVTkZkMFJuV1VSV1VqQlFRVkZJTDBKQlVVUkJaMHRyVFVFNFIwRXhWV1JGZDBWQ0NpOTNVVVpOUVUxQ1FXWTRkMFJSV1VwTGIxcEphSFpqVGtGUlJVeENVVUZFWjJkRlFrRkhSVzA0Y2toR2F5dHVhaXRYUzJKWU5rYzFhR3d2VEd4cFMyRUtiVmxJUm5GalFXSjZRblZvWVZOV1VWUkxZazgwTkRZNGEyVllSV3BzTVdKb1NrSk1WVVIxY0RrNGMwaHFZMFZaTW0xRk1IQkhZaXRRYm5kc2JIWkRlQXBsUWxWamRXSkZiREJpU1dWV1RXbHNTVVE0TUZWYWFUVlpkV1ZoY200Mk5rcDNVVlpDTVdkNk16Y3pPVkJCV0hweGNuWk9kVGRsUVVwVWEyNHJiRWx0Q21GVVptUnZWemwxZFhNNFJYSlZXblYwVHpKck1HRnRSblJVZERCSFkyNXBaMU15UjJoMEwwSm5jSGRCY1M5RmNEUlNOV1JaYzFsaVJrazJlRVE1ZW5RS1ZVRnlka3REZURGdFRXaFJiazVTVDJGbVpIcFlPRTFPT0ZKcWNURTVlVGhEWW5nME4xaEdaV0p0ZDA1YVYydG9NVUUzVERWNk1VRkdXSFJ0UjFGeGJRcG9VblYzTkhGalZXUkxhVE40ZUVOMVRERjNlR2R0TjNCd1dFUXlVVkZtUlVOblpGVXphR0l6YzIxT2VWQm9jSEEwZHpObmJYWnhTQ3RtYXowS0xTMHRMUzFGVGtRZ1EwVlNWRWxHU1VOQlZFVXRMUzB0TFFvPSIgfCBiYXNlNjQgLWQgPiAgJENBX0NFUlRJRklDQVRFX0ZJTEVfUEFUSApJTlRFUk5BTF9JUD0kKGN1cmwgLXMgaHR0cDovLzE2OS4yNTQuMTY5LjI1NC9sYXRlc3QvbWV0YS1kYXRhL2xvY2FsLWlwdjQpCnNlZCAtaSBzLE1BU1RFUl9FTkRQT0lOVCxodHRwczovL0ZFNDUwNTAzNkU0OTYwNjAyRTQwMTM1MEM2Nzc0NzdDLnNrMS51cy1lYXN0LTEuZWtzLmFtYXpvbmF3cy5jb20sZyAvdmFyL2xpYi9rdWJlbGV0L2t1YmVjb25maWcKc2VkIC1pIHMsQ0xVU1RFUl9OQU1FLHRlcnJhZm9ybS1la3MtZGVtbyxnIC92YXIvbGliL2t1YmVsZXQva3ViZWNvbmZpZwpzZWQgLWkgcyxSRUdJT04sdXMtZWFzdC0xLGcgL2V0Yy9zeXN0ZW1kL3N5c3RlbS9rdWJlbGV0LnNlcnZpY2UKc2VkIC1pIHMsTUFYX1BPRFMsMjAsZyAvZXRjL3N5c3RlbWQvc3lzdGVtL2t1YmVsZXQuc2VydmljZQpzZWQgLWkgcyxNQVNURVJfRU5EUE9JTlQsaHR0cHM6Ly9GRTQ1MDUwMzZFNDk2MDYwMkU0MDEzNTBDNjc3NDc3Qy5zazEudXMtZWFzdC0xLmVrcy5hbWF6b25hd3MuY29tLGcgL2V0Yy9zeXN0ZW1kL3N5c3RlbS9rdWJlbGV0LnNlcnZpY2UKc2VkIC1pIHMsSU5URVJOQUxfSVAsJElOVEVSTkFMX0lQLGcgL2V0Yy9zeXN0ZW1kL3N5c3RlbS9rdWJlbGV0LnNlcnZpY2UKRE5TX0NMVVNURVJfSVA9MTAuMTAwLjAuMTAKaWYgW1sgJElOVEVSTkFMX0lQID09IDEwLiogXV0gOyB0aGVuIEROU19DTFVTVEVSX0lQPTE3Mi4yMC4wLjEwOyBmaQpzZWQgLWkgcyxETlNfQ0xVU1RFUl9JUCwkRE5TX0NMVVNURVJfSVAsZyAvZXRjL3N5c3RlbWQvc3lzdGVtL2t1YmVsZXQuc2VydmljZQpzZWQgLWkgcyxDRVJUSUZJQ0FURV9BVVRIT1JJVFlfRklMRSwkQ0FfQ0VSVElGSUNBVEVfRklMRV9QQVRILGcgL3Zhci9saWIva3ViZWxldC9rdWJlY29uZmlnCnNlZCAtaSBzLENMSUVOVF9DQV9GSUxFLCRDQV9DRVJUSUZJQ0FURV9GSUxFX1BBVEgsZyAgL2V0Yy9zeXN0ZW1kL3N5c3RlbS9rdWJlbGV0LnNlcnZpY2UKc3lzdGVtY3RsIGRhZW1vbi1yZWxvYWQKc3lzdGVtY3RsIHJlc3RhcnQga3ViZWxldCBrdWJlLXByb3h5Cg==",
                            "vpc_classic_link_id": "",
                            "vpc_classic_link_security_groups.#": "0"
                        },
                        "meta": {},
                        "tainted": false
                    },
                    "deposed": [],
                    "provider": "provider.aws"
                },
                "aws_route_table.demo": {
                    "type": "aws_route_table",
                    "depends_on": [
                        "aws_internet_gateway.demo",
                        "aws_vpc.demo"
                    ],
                    "primary": {
                        "id": "rtb-03549c7c",
                        "attributes": {
                            "id": "rtb-03549c7c",
                            "propagating_vgws.#": "0",
                            "route.#": "1",
                            "route.542562311.cidr_block": "0.0.0.0/0",
                            "route.542562311.egress_only_gateway_id": "",
                            "route.542562311.gateway_id": "igw-52f8a42a",
                            "route.542562311.instance_id": "",
                            "route.542562311.ipv6_cidr_block": "",
                            "route.542562311.nat_gateway_id": "",
                            "route.542562311.network_interface_id": "",
                            "route.542562311.vpc_peering_connection_id": "",
                            "tags.%": "0",
                            "vpc_id": "vpc-d18d91aa"
                        },
                        "meta": {},
                        "tainted": false
                    },
                    "deposed": [],
                    "provider": "provider.aws"
                },
                "aws_route_table_association.demo.0": {
                    "type": "aws_route_table_association",
                    "depends_on": [
                        "aws_route_table.demo",
                        "aws_subnet.demo.*"
                    ],
                    "primary": {
                        "id": "rtbassoc-1f626960",
                        "attributes": {
                            "id": "rtbassoc-1f626960",
                            "route_table_id": "rtb-03549c7c",
                            "subnet_id": "subnet-9c7017d6"
                        },
                        "meta": {},
                        "tainted": false
                    },
                    "deposed": [],
                    "provider": "provider.aws"
                },
                "aws_route_table_association.demo.1": {
                    "type": "aws_route_table_association",
                    "depends_on": [
                        "aws_route_table.demo",
                        "aws_subnet.demo.*"
                    ],
                    "primary": {
                        "id": "rtbassoc-d2646fad",
                        "attributes": {
                            "id": "rtbassoc-d2646fad",
                            "route_table_id": "rtb-03549c7c",
                            "subnet_id": "subnet-a162b2fd"
                        },
                        "meta": {},
                        "tainted": false
                    },
                    "deposed": [],
                    "provider": "provider.aws"
                },
                "aws_security_group.demo-cluster": {
                    "type": "aws_security_group",
                    "depends_on": [
                        "aws_vpc.demo"
                    ],
                    "primary": {
                        "id": "sg-55b3411e",
                        "attributes": {
                            "arn": "arn:aws:ec2:us-east-1:<Account_ID>:security-group/sg-55b3411e",
                            "description": "Cluster communication with worker nodes",
                            "egress.#": "1",
                            "egress.482069346.cidr_blocks.#": "1",
                            "egress.482069346.cidr_blocks.0": "0.0.0.0/0",
                            "egress.482069346.description": "",
                            "egress.482069346.from_port": "0",
                            "egress.482069346.ipv6_cidr_blocks.#": "0",
                            "egress.482069346.prefix_list_ids.#": "0",
                            "egress.482069346.protocol": "-1",
                            "egress.482069346.security_groups.#": "0",
                            "egress.482069346.self": "false",
                            "egress.482069346.to_port": "0",
                            "id": "sg-55b3411e",
                            "ingress.#": "0",
                            "name": "terraform-eks-demo-cluster",
                            "owner_id": "<Account_ID>",
                            "revoke_rules_on_delete": "false",
                            "tags.%": "1",
                            "tags.Name": "terraform-eks-demo",
                            "vpc_id": "vpc-d18d91aa"
                        },
                        "meta": {
                            "e2bfb730-ecaa-11e6-8f88-34363bc7c4c0": {
                                "create": 600000000000,
                                "delete": 600000000000
                            },
                            "schema_version": "1"
                        },
                        "tainted": false
                    },
                    "deposed": [],
                    "provider": "provider.aws"
                },
                "aws_security_group.demo-node": {
                    "type": "aws_security_group",
                    "depends_on": [
                        "aws_vpc.demo"
                    ],
                    "primary": {
                        "id": "sg-fb45b6b0",
                        "attributes": {
                            "arn": "arn:aws:ec2:us-east-1:<Account_ID>:security-group/sg-fb45b6b0",
                            "description": "Security group for all nodes in the cluster",
                            "egress.#": "1",
                            "egress.482069346.cidr_blocks.#": "1",
                            "egress.482069346.cidr_blocks.0": "0.0.0.0/0",
                            "egress.482069346.description": "",
                            "egress.482069346.from_port": "0",
                            "egress.482069346.ipv6_cidr_blocks.#": "0",
                            "egress.482069346.prefix_list_ids.#": "0",
                            "egress.482069346.protocol": "-1",
                            "egress.482069346.security_groups.#": "0",
                            "egress.482069346.self": "false",
                            "egress.482069346.to_port": "0",
                            "id": "sg-fb45b6b0",
                            "ingress.#": "0",
                            "name": "terraform-eks-demo-node",
                            "owner_id": "<Account_ID>",
                            "revoke_rules_on_delete": "false",
                            "tags.%": "2",
                            "tags.Name": "terraform-eks-demo-node",
                            "tags.kubernetes.io/cluster/terraform-eks-demo": "owned",
                            "vpc_id": "vpc-d18d91aa"
                        },
                        "meta": {
                            "e2bfb730-ecaa-11e6-8f88-34363bc7c4c0": {
                                "create": 600000000000,
                                "delete": 600000000000
                            },
                            "schema_version": "1"
                        },
                        "tainted": false
                    },
                    "deposed": [],
                    "provider": "provider.aws"
                },
                "aws_security_group_rule.demo-cluster-ingress-node-https": {
                    "type": "aws_security_group_rule",
                    "depends_on": [
                        "aws_security_group.demo-cluster",
                        "aws_security_group.demo-node"
                    ],
                    "primary": {
                        "id": "sgrule-261906017",
                        "attributes": {
                            "description": "Allow pods to communicate with the cluster API Server",
                            "from_port": "443",
                            "id": "sgrule-261906017",
                            "protocol": "tcp",
                            "security_group_id": "sg-55b3411e",
                            "self": "false",
                            "source_security_group_id": "sg-fb45b6b0",
                            "to_port": "443",
                            "type": "ingress"
                        },
                        "meta": {
                            "schema_version": "2"
                        },
                        "tainted": false
                    },
                    "deposed": [],
                    "provider": "provider.aws"
                },
                "aws_security_group_rule.demo-cluster-ingress-workstation-https": {
                    "type": "aws_security_group_rule",
                    "depends_on": [
                        "aws_security_group.demo-cluster",
                        "local.workstation-external-cidr"
                    ],
                    "primary": {
                        "id": "sgrule-1089973543",
                        "attributes": {
                            "cidr_blocks.#": "1",
                            "cidr_blocks.0": "86.134.15.57/32",
                            "description": "Allow workstation to communicate with the cluster API Server",
                            "from_port": "443",
                            "id": "sgrule-1089973543",
                            "protocol": "tcp",
                            "security_group_id": "sg-55b3411e",
                            "self": "false",
                            "to_port": "443",
                            "type": "ingress"
                        },
                        "meta": {
                            "schema_version": "2"
                        },
                        "tainted": false
                    },
                    "deposed": [],
                    "provider": "provider.aws"
                },
                "aws_security_group_rule.demo-node-ingress-cluster": {
                    "type": "aws_security_group_rule",
                    "depends_on": [
                        "aws_security_group.demo-cluster",
                        "aws_security_group.demo-node"
                    ],
                    "primary": {
                        "id": "sgrule-1385105141",
                        "attributes": {
                            "description": "Allow worker Kubelets and pods to receive communication from the cluster control plane",
                            "from_port": "1025",
                            "id": "sgrule-1385105141",
                            "protocol": "tcp",
                            "security_group_id": "sg-fb45b6b0",
                            "self": "false",
                            "source_security_group_id": "sg-55b3411e",
                            "to_port": "65535",
                            "type": "ingress"
                        },
                        "meta": {
                            "schema_version": "2"
                        },
                        "tainted": false
                    },
                    "deposed": [],
                    "provider": "provider.aws"
                },
                "aws_security_group_rule.demo-node-ingress-self": {
                    "type": "aws_security_group_rule",
                    "depends_on": [
                        "aws_security_group.demo-node"
                    ],
                    "primary": {
                        "id": "sgrule-819886483",
                        "attributes": {
                            "description": "Allow node to communicate with each other",
                            "from_port": "0",
                            "id": "sgrule-819886483",
                            "protocol": "-1",
                            "security_group_id": "sg-fb45b6b0",
                            "self": "false",
                            "source_security_group_id": "sg-fb45b6b0",
                            "to_port": "65535",
                            "type": "ingress"
                        },
                        "meta": {
                            "schema_version": "2"
                        },
                        "tainted": false
                    },
                    "deposed": [],
                    "provider": "provider.aws"
                },
                "aws_subnet.demo.0": {
                    "type": "aws_subnet",
                    "depends_on": [
                        "aws_vpc.demo",
                        "data.aws_availability_zones.available"
                    ],
                    "primary": {
                        "id": "subnet-9c7017d6",
                        "attributes": {
                            "assign_ipv6_address_on_creation": "false",
                            "availability_zone": "us-east-1a",
                            "cidr_block": "10.0.0.0/24",
                            "id": "subnet-9c7017d6",
                            "map_public_ip_on_launch": "false",
                            "tags.%": "2",
                            "tags.Name": "terraform-eks-demo-node",
                            "tags.kubernetes.io/cluster/terraform-eks-demo": "shared",
                            "vpc_id": "vpc-d18d91aa"
                        },
                        "meta": {
                            "schema_version": "1"
                        },
                        "tainted": false
                    },
                    "deposed": [],
                    "provider": "provider.aws"
                },
                "aws_subnet.demo.1": {
                    "type": "aws_subnet",
                    "depends_on": [
                        "aws_vpc.demo",
                        "data.aws_availability_zones.available"
                    ],
                    "primary": {
                        "id": "subnet-a162b2fd",
                        "attributes": {
                            "assign_ipv6_address_on_creation": "false",
                            "availability_zone": "us-east-1b",
                            "cidr_block": "10.0.1.0/24",
                            "id": "subnet-a162b2fd",
                            "map_public_ip_on_launch": "false",
                            "tags.%": "2",
                            "tags.Name": "terraform-eks-demo-node",
                            "tags.kubernetes.io/cluster/terraform-eks-demo": "shared",
                            "vpc_id": "vpc-d18d91aa"
                        },
                        "meta": {
                            "schema_version": "1"
                        },
                        "tainted": false
                    },
                    "deposed": [],
                    "provider": "provider.aws"
                },
                "aws_vpc.demo": {
                    "type": "aws_vpc",
                    "depends_on": [],
                    "primary": {
                        "id": "vpc-d18d91aa",
                        "attributes": {
                            "assign_generated_ipv6_cidr_block": "false",
                            "cidr_block": "10.0.0.0/16",
                            "default_network_acl_id": "acl-390d7443",
                            "default_route_table_id": "rtb-dd478fa2",
                            "default_security_group_id": "sg-7d45b636",
                            "dhcp_options_id": "dopt-c40315a1",
                            "enable_classiclink": "false",
                            "enable_classiclink_dns_support": "false",
                            "enable_dns_hostnames": "false",
                            "enable_dns_support": "true",
                            "id": "vpc-d18d91aa",
                            "instance_tenancy": "default",
                            "main_route_table_id": "rtb-dd478fa2",
                            "tags.%": "2",
                            "tags.Name": "terraform-eks-demo-node",
                            "tags.kubernetes.io/cluster/terraform-eks-demo": "shared"
                        },
                        "meta": {
                            "schema_version": "1"
                        },
                        "tainted": false
                    },
                    "deposed": [],
                    "provider": "provider.aws"
                },
                "data.aws_ami.eks-worker": {
                    "type": "aws_ami",
                    "depends_on": [],
                    "primary": {
                        "id": "ami-dea4d5a1",
                        "attributes": {
                            "architecture": "x86_64",
                            "block_device_mappings.#": "1",
                            "block_device_mappings.3798922657.device_name": "/dev/xvda",
                            "block_device_mappings.3798922657.ebs.%": "6",
                            "block_device_mappings.3798922657.ebs.delete_on_termination": "true",
                            "block_device_mappings.3798922657.ebs.encrypted": "false",
                            "block_device_mappings.3798922657.ebs.iops": "0",
                            "block_device_mappings.3798922657.ebs.snapshot_id": "snap-02de9442088b4aa2f",
                            "block_device_mappings.3798922657.ebs.volume_size": "20",
                            "block_device_mappings.3798922657.ebs.volume_type": "gp2",
                            "block_device_mappings.3798922657.no_device": "",
                            "block_device_mappings.3798922657.virtual_name": "",
                            "creation_date": "2018-06-04T06:05:43.000Z",
                            "description": "[Copied ami-73a6e20b from us-west-2] eks-worker-v20",
                            "filter.#": "1",
                            "filter.2070637487.name": "name",
                            "filter.2070637487.values.#": "1",
                            "filter.2070637487.values.0": "eks-worker-*",
                            "hypervisor": "xen",
                            "id": "ami-dea4d5a1",
                            "image_id": "ami-dea4d5a1",
                            "image_location": "602401143452/eks-worker-v20",
                            "image_type": "machine",
                            "most_recent": "true",
                            "name": "eks-worker-v20",
                            "owner_id": "602401143452",
                            "owners.#": "1",
                            "owners.0": "602401143452",
                            "product_codes.#": "0",
                            "public": "true",
                            "root_device_name": "/dev/xvda",
                            "root_device_type": "ebs",
                            "root_snapshot_id": "snap-02de9442088b4aa2f",
                            "sriov_net_support": "simple",
                            "state": "available",
                            "state_reason.%": "2",
                            "state_reason.code": "UNSET",
                            "state_reason.message": "UNSET",
                            "tags.%": "0",
                            "virtualization_type": "hvm"
                        },
                        "meta": {},
                        "tainted": false
                    },
                    "deposed": [],
                    "provider": "provider.aws"
                },
                "data.aws_availability_zones.available": {
                    "type": "aws_availability_zones",
                    "depends_on": [],
                    "primary": {
                        "id": "2018-06-11 22:06:05.206742 +0000 UTC",
                        "attributes": {
                            "id": "2018-06-11 22:06:05.206742 +0000 UTC",
                            "names.#": "6",
                            "names.0": "us-east-1a",
                            "names.1": "us-east-1b",
                            "names.2": "us-east-1c",
                            "names.3": "us-east-1d",
                            "names.4": "us-east-1e",
                            "names.5": "us-east-1f"
                        },
                        "meta": {},
                        "tainted": false
                    },
                    "deposed": [],
                    "provider": "provider.aws"
                },
                "data.aws_region.current": {
                    "type": "aws_region",
                    "depends_on": [],
                    "primary": {
                        "id": "us-east-1",
                        "attributes": {
                            "current": "true",
                            "endpoint": "ec2.us-east-1.amazonaws.com",
                            "id": "us-east-1",
                            "name": "us-east-1"
                        },
                        "meta": {},
                        "tainted": false
                    },
                    "deposed": [],
                    "provider": "provider.aws"
                },
                "data.http.workstation-external-ip": {
                    "type": "http",
                    "depends_on": [],
                    "primary": {
                        "id": "2018-06-11 22:06:03.167995 +0000 UTC",
                        "attributes": {
                            "body": "86.134.15.57\n",
                            "id": "2018-06-11 22:06:03.167995 +0000 UTC",
                            "url": "http://icanhazip.com"
                        },
                        "meta": {},
                        "tainted": false
                    },
                    "deposed": [],
                    "provider": "provider.http"
                }
            },
            "depends_on": []
        }
    ]
}
